// !$*UTF8*$!
{
	archiveVersion = 1;
	classes = {
	};
	objectVersion = 46;
	objects = {

/* Begin PBXBuildFile section */
		E806375519382C2000B2ED10 /* Max_flower in Resources */ = {isa = PBXBuildFile; fileRef = E806375019382C2000B2ED10 /* Max_flower */; };
		E806375619382C2000B2ED10 /* Max_grocery in Resources */ = {isa = PBXBuildFile; fileRef = E806375119382C2000B2ED10 /* Max_grocery */; };
		E806375719382C2000B2ED10 /* Max_love in Resources */ = {isa = PBXBuildFile; fileRef = E806375219382C2000B2ED10 /* Max_love */; };
		E806375819382C2000B2ED10 /* Max_nature in Resources */ = {isa = PBXBuildFile; fileRef = E806375319382C2000B2ED10 /* Max_nature */; };
		E806375B19385E6000B2ED10 /* XXX@2x.png in Resources */ = {isa = PBXBuildFile; fileRef = E806375A19385E6000B2ED10 /* XXX@2x.png */; };
		E8063761193887D500B2ED10 /* Max_shape in Resources */ = {isa = PBXBuildFile; fileRef = E8063760193887D500B2ED10 /* Max_shape */; };
		E806CD131936D9EC00459E9D /* libMobClickLibrary.a in Frameworks */ = {isa = PBXBuildFile; fileRef = E806CD101936D9EC00459E9D /* libMobClickLibrary.a */; };
		E806CD161936DBBE00459E9D /* libz.dylib in Frameworks */ = {isa = PBXBuildFile; fileRef = E806CD151936DBBE00459E9D /* libz.dylib */; };
		E806CD181936DC0600459E9D /* libMobClickLibrary_armv6.a in Frameworks */ = {isa = PBXBuildFile; fileRef = E806CD171936DC0600459E9D /* libMobClickLibrary_armv6.a */; };
		E806CD1F19370ED700459E9D /* 更多@2x.png in Resources */ = {isa = PBXBuildFile; fileRef = E806CD1A19370ED700459E9D /* 更多@2x.png */; };
		E806CD2019370ED700459E9D /* 相册@2x.png in Resources */ = {isa = PBXBuildFile; fileRef = E806CD1B19370ED700459E9D /* 相册@2x.png */; };
		E806CD2119370ED700459E9D /* fb@2x.png in Resources */ = {isa = PBXBuildFile; fileRef = E806CD1C19370ED700459E9D /* fb@2x.png */; };
		E806CD2219370ED700459E9D /* home@2x.png in Resources */ = {isa = PBXBuildFile; fileRef = E806CD1D19370ED700459E9D /* home@2x.png */; };
		E806CD2319370ED700459E9D /* share-to-insta@2x.png in Resources */ = {isa = PBXBuildFile; fileRef = E806CD1E19370ED700459E9D /* share-to-insta@2x.png */; };
		E806CD2B19371ACF00459E9D /* PHO_AboutUsViewController.m in Sources */ = {isa = PBXBuildFile; fileRef = E806CD2A19371ACF00459E9D /* PHO_AboutUsViewController.m */; };
		E806CD3219371AFE00459E9D /* 反馈@2x.png in Resources */ = {isa = PBXBuildFile; fileRef = E806CD2D19371AFE00459E9D /* 反馈@2x.png */; };
		E806CD3319371AFE00459E9D /* 分享@2x.png in Resources */ = {isa = PBXBuildFile; fileRef = E806CD2E19371AFE00459E9D /* 分享@2x.png */; };
		E806CD3419371AFE00459E9D /* 更新@2x.png in Resources */ = {isa = PBXBuildFile; fileRef = E806CD2F19371AFE00459E9D /* 更新@2x.png */; };
		E806CD3519371AFE00459E9D /* 关注我们@2x.png in Resources */ = {isa = PBXBuildFile; fileRef = E806CD3019371AFE00459E9D /* 关注我们@2x.png */; };
		E806CD3619371AFE00459E9D /* 评分@2x.png in Resources */ = {isa = PBXBuildFile; fileRef = E806CD3119371AFE00459E9D /* 评分@2x.png */; };
		E806CD3B19371CB100459E9D /* PHO_AboutUsTableViewCell.xib in Resources */ = {isa = PBXBuildFile; fileRef = E806CD3819371CB100459E9D /* PHO_AboutUsTableViewCell.xib */; };
		E806CD3C19371CB100459E9D /* PHO_AboutUsTableViewCell.m in Sources */ = {isa = PBXBuildFile; fileRef = E806CD3919371CB100459E9D /* PHO_AboutUsTableViewCell.m */; };
		E806CD3E19371ED900459E9D /* PHO_AboutUsViewController.xib in Resources */ = {isa = PBXBuildFile; fileRef = E806CD3D19371ED900459E9D /* PHO_AboutUsViewController.xib */; };
		E806CD40193724CB00459E9D /* Arrow@2x.png in Resources */ = {isa = PBXBuildFile; fileRef = E806CD3F193724CB00459E9D /* Arrow@2x.png */; };
		E8103EEC192DEBBA005AFA16 /* libGoogleAdMobAds.a in Frameworks */ = {isa = PBXBuildFile; fileRef = E8103EEA192DEBBA005AFA16 /* libGoogleAdMobAds.a */; };
		E8103EEE192DEC2F005AFA16 /* AVFoundation.framework in Frameworks */ = {isa = PBXBuildFile; fileRef = E8103EED192DEC2F005AFA16 /* AVFoundation.framework */; };
		E8103EF0192DEC40005AFA16 /* CoreTelephony.framework in Frameworks */ = {isa = PBXBuildFile; fileRef = E8103EEF192DEC40005AFA16 /* CoreTelephony.framework */; };
		E8103EF2192DEC4D005AFA16 /* Security.framework in Frameworks */ = {isa = PBXBuildFile; fileRef = E8103EF1192DEC4D005AFA16 /* Security.framework */; };
		E8103EF4192DEC57005AFA16 /* StoreKit.framework in Frameworks */ = {isa = PBXBuildFile; fileRef = E8103EF3192DEC57005AFA16 /* StoreKit.framework */; };
		E8103EF6192DEC63005AFA16 /* AdSupport.framework in Frameworks */ = {isa = PBXBuildFile; fileRef = E8103EF5192DEC63005AFA16 /* AdSupport.framework */; };
		E8103EF8192DEC6E005AFA16 /* AudioToolbox.framework in Frameworks */ = {isa = PBXBuildFile; fileRef = E8103EF7192DEC6E005AFA16 /* AudioToolbox.framework */; };
		E8103EFA192DEC80005AFA16 /* SystemConfiguration.framework in Frameworks */ = {isa = PBXBuildFile; fileRef = E8103EF9192DEC80005AFA16 /* SystemConfiguration.framework */; };
		E8103EFC192DEC8A005AFA16 /* MessageUI.framework in Frameworks */ = {isa = PBXBuildFile; fileRef = E8103EFB192DEC8A005AFA16 /* MessageUI.framework */; };
		E8103EFE192DECA2005AFA16 /* MediaPlayer.framework in Frameworks */ = {isa = PBXBuildFile; fileRef = E8103EFD192DECA2005AFA16 /* MediaPlayer.framework */; };
		E8103F2C192E0CE0005AFA16 /* FilterImage.m in Sources */ = {isa = PBXBuildFile; fileRef = E8103F29192E0CE0005AFA16 /* FilterImage.m */; };
		E8103F2D192E0CE0005AFA16 /* ImageUtil.m in Sources */ = {isa = PBXBuildFile; fileRef = E8103F2B192E0CE0005AFA16 /* ImageUtil.m */; };
		E8103F30192E1A1A005AFA16 /* PHO_ShareViewController.m in Sources */ = {isa = PBXBuildFile; fileRef = E8103F2F192E1A1A005AFA16 /* PHO_ShareViewController.m */; };
		E8287497192F069B0047611C /* MBProgressHUD+Add.m in Sources */ = {isa = PBXBuildFile; fileRef = E8287493192F069B0047611C /* MBProgressHUD+Add.m */; };
		E8287498192F069B0047611C /* MBProgressHUD.bundle in Resources */ = {isa = PBXBuildFile; fileRef = E8287494192F069B0047611C /* MBProgressHUD.bundle */; };
		E8287499192F069B0047611C /* MBProgressHUD.m in Sources */ = {isa = PBXBuildFile; fileRef = E8287496192F069B0047611C /* MBProgressHUD.m */; };
		E82874B0192F3DA80047611C /* color-1.png in Resources */ = {isa = PBXBuildFile; fileRef = E82874AF192F3DA80047611C /* color-1.png */; };
		E87C074C1935FB9A006B821F /* love in Resources */ = {isa = PBXBuildFile; fileRef = E87C074B1935FB9A006B821F /* love */; };
		E87C07501935FBA7006B821F /* shape in Resources */ = {isa = PBXBuildFile; fileRef = E87C074F1935FBA7006B821F /* shape */; };
		E87C07541935FD39006B821F /* graph in Resources */ = {isa = PBXBuildFile; fileRef = E87C07531935FD39006B821F /* graph */; };
		E890EC60193EEF8B00A129E7 /* CoreData.framework in Frameworks */ = {isa = PBXBuildFile; fileRef = E890EC5F193EEF8B00A129E7 /* CoreData.framework */; };
		E8C851F919344625008BDE26 /* 滤镜@2x.png in Resources */ = {isa = PBXBuildFile; fileRef = E8C851F019344625008BDE26 /* 滤镜@2x.png */; };
		E8C851FA19344625008BDE26 /* 滤镜(选中)@2x.png in Resources */ = {isa = PBXBuildFile; fileRef = E8C851F119344625008BDE26 /* 滤镜(选中)@2x.png */; };
		E8C851FB19344625008BDE26 /* 前景编辑@2x.png in Resources */ = {isa = PBXBuildFile; fileRef = E8C851F219344625008BDE26 /* 前景编辑@2x.png */; };
		E8C851FC19344625008BDE26 /* 前景编辑(选中)@2x.png in Resources */ = {isa = PBXBuildFile; fileRef = E8C851F319344625008BDE26 /* 前景编辑(选中)@2x.png */; };
		E8C851FD19344625008BDE26 /* 形状@2x.png in Resources */ = {isa = PBXBuildFile; fileRef = E8C851F419344625008BDE26 /* 形状@2x.png */; };
		E8C851FE19344625008BDE26 /* 形状(选中)@2x.png in Resources */ = {isa = PBXBuildFile; fileRef = E8C851F519344625008BDE26 /* 形状(选中)@2x.png */; };
		E8C851FF19344625008BDE26 /* 形状背景带上下细线@2x.png in Resources */ = {isa = PBXBuildFile; fileRef = E8C851F619344625008BDE26 /* 形状背景带上下细线@2x.png */; };
		E8C8520019344625008BDE26 /* back@2x.png in Resources */ = {isa = PBXBuildFile; fileRef = E8C851F719344625008BDE26 /* back@2x.png */; };
		E8C8520119344625008BDE26 /* share-icon@2x.png in Resources */ = {isa = PBXBuildFile; fileRef = E8C851F819344625008BDE26 /* share-icon@2x.png */; };
		E8C852051934481D008BDE26 /* CMethods.m in Sources */ = {isa = PBXBuildFile; fileRef = E8C852041934481D008BDE26 /* CMethods.m */; };
		E8CFC169193EFBB4006DD57A /* libGoogleAnalyticsServices.a in Frameworks */ = {isa = PBXBuildFile; fileRef = E8CFC168193EFBB4006DD57A /* libGoogleAnalyticsServices.a */; };
		E8CFC16B193EFECB006DD57A /* libsqlite3.dylib in Frameworks */ = {isa = PBXBuildFile; fileRef = E8CFC16A193EFECB006DD57A /* libsqlite3.dylib */; };
		E8CFC16F193F238C006DD57A /* libFlurry_5.0.0.a in Frameworks */ = {isa = PBXBuildFile; fileRef = E8CFC16E193F238C006DD57A /* libFlurry_5.0.0.a */; };
		E8CFC174193F34E6006DD57A /* PHO_DataRequest.m in Sources */ = {isa = PBXBuildFile; fileRef = E8CFC173193F34E6006DD57A /* PHO_DataRequest.m */; };
		E8E42A8F194012A200AC4825 /* AFHTTPRequestOperation.m in Sources */ = {isa = PBXBuildFile; fileRef = E8E42A7D194012A200AC4825 /* AFHTTPRequestOperation.m */; };
		E8E42A90194012A200AC4825 /* AFHTTPRequestOperationManager.m in Sources */ = {isa = PBXBuildFile; fileRef = E8E42A7F194012A200AC4825 /* AFHTTPRequestOperationManager.m */; };
		E8E42A91194012A200AC4825 /* AFHTTPSessionManager.m in Sources */ = {isa = PBXBuildFile; fileRef = E8E42A81194012A200AC4825 /* AFHTTPSessionManager.m */; };
		E8E42A92194012A200AC4825 /* AFNetworkReachabilityManager.m in Sources */ = {isa = PBXBuildFile; fileRef = E8E42A84194012A200AC4825 /* AFNetworkReachabilityManager.m */; };
		E8E42A93194012A200AC4825 /* AFSecurityPolicy.m in Sources */ = {isa = PBXBuildFile; fileRef = E8E42A86194012A200AC4825 /* AFSecurityPolicy.m */; };
		E8E42A94194012A200AC4825 /* AFURLConnectionOperation.m in Sources */ = {isa = PBXBuildFile; fileRef = E8E42A88194012A200AC4825 /* AFURLConnectionOperation.m */; };
		E8E42A95194012A200AC4825 /* AFURLRequestSerialization.m in Sources */ = {isa = PBXBuildFile; fileRef = E8E42A8A194012A200AC4825 /* AFURLRequestSerialization.m */; };
		E8E42A96194012A200AC4825 /* AFURLResponseSerialization.m in Sources */ = {isa = PBXBuildFile; fileRef = E8E42A8C194012A200AC4825 /* AFURLResponseSerialization.m */; };
		E8E42A97194012A200AC4825 /* AFURLSessionManager.m in Sources */ = {isa = PBXBuildFile; fileRef = E8E42A8E194012A200AC4825 /* AFURLSessionManager.m */; };
		E8E42A9C1940140100AC4825 /* UIDevice+DeviceInfo.m in Sources */ = {isa = PBXBuildFile; fileRef = E8E42A9A1940140100AC4825 /* UIDevice+DeviceInfo.m */; };
		E8E42AA01940156100AC4825 /* Reachability.m in Sources */ = {isa = PBXBuildFile; fileRef = E8E42A9F1940156100AC4825 /* Reachability.m */; };
		E8F40A34192CCB0300A2F0A9 /* Foundation.framework in Frameworks */ = {isa = PBXBuildFile; fileRef = E8F40A33192CCB0300A2F0A9 /* Foundation.framework */; };
		E8F40A36192CCB0300A2F0A9 /* CoreGraphics.framework in Frameworks */ = {isa = PBXBuildFile; fileRef = E8F40A35192CCB0300A2F0A9 /* CoreGraphics.framework */; };
		E8F40A38192CCB0300A2F0A9 /* UIKit.framework in Frameworks */ = {isa = PBXBuildFile; fileRef = E8F40A37192CCB0300A2F0A9 /* UIKit.framework */; };
		E8F40A3E192CCB0300A2F0A9 /* InfoPlist.strings in Resources */ = {isa = PBXBuildFile; fileRef = E8F40A3C192CCB0300A2F0A9 /* InfoPlist.strings */; };
		E8F40A40192CCB0300A2F0A9 /* main.m in Sources */ = {isa = PBXBuildFile; fileRef = E8F40A3F192CCB0300A2F0A9 /* main.m */; };
		E8F40A44192CCB0300A2F0A9 /* PHO_AppDelegate.m in Sources */ = {isa = PBXBuildFile; fileRef = E8F40A43192CCB0300A2F0A9 /* PHO_AppDelegate.m */; };
		E8F40A46192CCB0300A2F0A9 /* Images.xcassets in Resources */ = {isa = PBXBuildFile; fileRef = E8F40A45192CCB0300A2F0A9 /* Images.xcassets */; };
		E8F40A4D192CCB0300A2F0A9 /* XCTest.framework in Frameworks */ = {isa = PBXBuildFile; fileRef = E8F40A4C192CCB0300A2F0A9 /* XCTest.framework */; };
		E8F40A4E192CCB0300A2F0A9 /* Foundation.framework in Frameworks */ = {isa = PBXBuildFile; fileRef = E8F40A33192CCB0300A2F0A9 /* Foundation.framework */; };
		E8F40A4F192CCB0300A2F0A9 /* UIKit.framework in Frameworks */ = {isa = PBXBuildFile; fileRef = E8F40A37192CCB0300A2F0A9 /* UIKit.framework */; };
		E8F40A57192CCB0300A2F0A9 /* InfoPlist.strings in Resources */ = {isa = PBXBuildFile; fileRef = E8F40A55192CCB0300A2F0A9 /* InfoPlist.strings */; };
		E8F40A59192CCB0300A2F0A9 /* IOSShapeTests.m in Sources */ = {isa = PBXBuildFile; fileRef = E8F40A58192CCB0300A2F0A9 /* IOSShapeTests.m */; };
		E8F40A6A192CCB5E00A2F0A9 /* PHO_MainViewController.m in Sources */ = {isa = PBXBuildFile; fileRef = E8F40A68192CCB5E00A2F0A9 /* PHO_MainViewController.m */; };
		E8F40A6B192CCB5E00A2F0A9 /* PHO_HomeViewController.m in Sources */ = {isa = PBXBuildFile; fileRef = E8F40A69192CCB5E00A2F0A9 /* PHO_HomeViewController.m */; };
		E8F40A6E192CCB7900A2F0A9 /* UIImage+processing.m in Sources */ = {isa = PBXBuildFile; fileRef = E8F40A6C192CCB7900A2F0A9 /* UIImage+processing.m */; };
		E8F40A72192CCBB800A2F0A9 /* PHO_MainShowView.m in Sources */ = {isa = PBXBuildFile; fileRef = E8F40A70192CCBB800A2F0A9 /* PHO_MainShowView.m */; };
		E8F66BF81935B92F006EC81E /* Camera@2x.png in Resources */ = {isa = PBXBuildFile; fileRef = E8F66BF51935B92F006EC81E /* Camera@2x.png */; };
		E8F66BF91935B92F006EC81E /* gallery@2x.png in Resources */ = {isa = PBXBuildFile; fileRef = E8F66BF61935B92F006EC81E /* gallery@2x.png */; };
		E8F66BFA1935B92F006EC81E /* Nocrop@2x.png in Resources */ = {isa = PBXBuildFile; fileRef = E8F66BF71935B92F006EC81E /* Nocrop@2x.png */; };
		E8F66BFC1935B93B006EC81E /* wallbase@2x.png in Resources */ = {isa = PBXBuildFile; fileRef = E8F66BFB1935B93B006EC81E /* wallbase@2x.png */; };
		E8F66BFE1935C2B2006EC81E /* InfoButtonImage@2x.png in Resources */ = {isa = PBXBuildFile; fileRef = E8F66BFD1935C2B2006EC81E /* InfoButtonImage@2x.png */; };
		E8F66C6E1935E8D3006EC81E /* flower in Resources */ = {isa = PBXBuildFile; fileRef = E8F66C6D1935E8D3006EC81E /* flower */; };
		E8F66C721935EA90006EC81E /* nature in Resources */ = {isa = PBXBuildFile; fileRef = E8F66C711935EA90006EC81E /* nature */; };
		E8F66C761935EEA2006EC81E /* grocery in Resources */ = {isa = PBXBuildFile; fileRef = E8F66C751935EEA2006EC81E /* grocery */; };
/* End PBXBuildFile section */

/* Begin PBXContainerItemProxy section */
		E8F40A50192CCB0300A2F0A9 /* PBXContainerItemProxy */ = {
			isa = PBXContainerItemProxy;
			containerPortal = E8F40A28192CCB0300A2F0A9 /* Project object */;
			proxyType = 1;
			remoteGlobalIDString = E8F40A2F192CCB0300A2F0A9;
			remoteInfo = IOSShape;
		};
/* End PBXContainerItemProxy section */

/* Begin PBXFileReference section */
		E806375019382C2000B2ED10 /* Max_flower */ = {isa = PBXFileReference; lastKnownFileType = folder; path = Max_flower; sourceTree = "<group>"; };
		E806375119382C2000B2ED10 /* Max_grocery */ = {isa = PBXFileReference; lastKnownFileType = folder; path = Max_grocery; sourceTree = "<group>"; };
		E806375219382C2000B2ED10 /* Max_love */ = {isa = PBXFileReference; lastKnownFileType = folder; path = Max_love; sourceTree = "<group>"; };
		E806375319382C2000B2ED10 /* Max_nature */ = {isa = PBXFileReference; lastKnownFileType = folder; path = Max_nature; sourceTree = "<group>"; };
		E806375A19385E6000B2ED10 /* XXX@2x.png */ = {isa = PBXFileReference; lastKnownFileType = image.png; path = "XXX@2x.png"; sourceTree = "<group>"; };
		E8063760193887D500B2ED10 /* Max_shape */ = {isa = PBXFileReference; lastKnownFileType = folder; path = Max_shape; sourceTree = "<group>"; };
		E806CD071936D6C400459E9D /* CoreText.framework */ = {isa = PBXFileReference; lastKnownFileType = wrapper.framework; name = CoreText.framework; path = System/Library/Frameworks/CoreText.framework; sourceTree = SDKROOT; };
		E806CD101936D9EC00459E9D /* libMobClickLibrary.a */ = {isa = PBXFileReference; lastKnownFileType = archive.ar; path = libMobClickLibrary.a; sourceTree = "<group>"; };
		E806CD121936D9EC00459E9D /* MobClick.h */ = {isa = PBXFileReference; fileEncoding = 4; lastKnownFileType = sourcecode.c.h; path = MobClick.h; sourceTree = "<group>"; };
		E806CD151936DBBE00459E9D /* libz.dylib */ = {isa = PBXFileReference; lastKnownFileType = "compiled.mach-o.dylib"; name = libz.dylib; path = usr/lib/libz.dylib; sourceTree = SDKROOT; };
		E806CD171936DC0600459E9D /* libMobClickLibrary_armv6.a */ = {isa = PBXFileReference; lastKnownFileType = archive.ar; path = libMobClickLibrary_armv6.a; sourceTree = "<group>"; };
		E806CD1A19370ED700459E9D /* 更多@2x.png */ = {isa = PBXFileReference; lastKnownFileType = image.png; path = "更多@2x.png"; sourceTree = "<group>"; };
		E806CD1B19370ED700459E9D /* 相册@2x.png */ = {isa = PBXFileReference; lastKnownFileType = image.png; path = "相册@2x.png"; sourceTree = "<group>"; };
		E806CD1C19370ED700459E9D /* fb@2x.png */ = {isa = PBXFileReference; lastKnownFileType = image.png; path = "fb@2x.png"; sourceTree = "<group>"; };
		E806CD1D19370ED700459E9D /* home@2x.png */ = {isa = PBXFileReference; lastKnownFileType = image.png; path = "home@2x.png"; sourceTree = "<group>"; };
		E806CD1E19370ED700459E9D /* share-to-insta@2x.png */ = {isa = PBXFileReference; lastKnownFileType = image.png; path = "share-to-insta@2x.png"; sourceTree = "<group>"; };
		E806CD2919371ACF00459E9D /* PHO_AboutUsViewController.h */ = {isa = PBXFileReference; fileEncoding = 4; lastKnownFileType = sourcecode.c.h; path = PHO_AboutUsViewController.h; sourceTree = "<group>"; };
		E806CD2A19371ACF00459E9D /* PHO_AboutUsViewController.m */ = {isa = PBXFileReference; fileEncoding = 4; lastKnownFileType = sourcecode.c.objc; path = PHO_AboutUsViewController.m; sourceTree = "<group>"; };
		E806CD2D19371AFE00459E9D /* 反馈@2x.png */ = {isa = PBXFileReference; lastKnownFileType = image.png; path = "反馈@2x.png"; sourceTree = "<group>"; };
		E806CD2E19371AFE00459E9D /* 分享@2x.png */ = {isa = PBXFileReference; lastKnownFileType = image.png; path = "分享@2x.png"; sourceTree = "<group>"; };
		E806CD2F19371AFE00459E9D /* 更新@2x.png */ = {isa = PBXFileReference; lastKnownFileType = image.png; path = "更新@2x.png"; sourceTree = "<group>"; };
		E806CD3019371AFE00459E9D /* 关注我们@2x.png */ = {isa = PBXFileReference; lastKnownFileType = image.png; path = "关注我们@2x.png"; sourceTree = "<group>"; };
		E806CD3119371AFE00459E9D /* 评分@2x.png */ = {isa = PBXFileReference; lastKnownFileType = image.png; path = "评分@2x.png"; sourceTree = "<group>"; };
		E806CD3819371CB100459E9D /* PHO_AboutUsTableViewCell.xib */ = {isa = PBXFileReference; fileEncoding = 4; lastKnownFileType = file.xib; path = PHO_AboutUsTableViewCell.xib; sourceTree = "<group>"; };
		E806CD3919371CB100459E9D /* PHO_AboutUsTableViewCell.m */ = {isa = PBXFileReference; fileEncoding = 4; lastKnownFileType = sourcecode.c.objc; path = PHO_AboutUsTableViewCell.m; sourceTree = "<group>"; };
		E806CD3A19371CB100459E9D /* PHO_AboutUsTableViewCell.h */ = {isa = PBXFileReference; fileEncoding = 4; lastKnownFileType = sourcecode.c.h; path = PHO_AboutUsTableViewCell.h; sourceTree = "<group>"; };
		E806CD3D19371ED900459E9D /* PHO_AboutUsViewController.xib */ = {isa = PBXFileReference; fileEncoding = 4; lastKnownFileType = file.xib; path = PHO_AboutUsViewController.xib; sourceTree = "<group>"; };
		E806CD3F193724CB00459E9D /* Arrow@2x.png */ = {isa = PBXFileReference; lastKnownFileType = image.png; path = "Arrow@2x.png"; sourceTree = "<group>"; };
		E8103EE1192DEBBA005AFA16 /* GADAdMobExtras.h */ = {isa = PBXFileReference; fileEncoding = 4; lastKnownFileType = sourcecode.c.h; path = GADAdMobExtras.h; sourceTree = "<group>"; };
		E8103EE2192DEBBA005AFA16 /* GADAdNetworkExtras.h */ = {isa = PBXFileReference; fileEncoding = 4; lastKnownFileType = sourcecode.c.h; path = GADAdNetworkExtras.h; sourceTree = "<group>"; };
		E8103EE3192DEBBA005AFA16 /* GADAdSize.h */ = {isa = PBXFileReference; fileEncoding = 4; lastKnownFileType = sourcecode.c.h; path = GADAdSize.h; sourceTree = "<group>"; };
		E8103EE4192DEBBA005AFA16 /* GADBannerView.h */ = {isa = PBXFileReference; fileEncoding = 4; lastKnownFileType = sourcecode.c.h; path = GADBannerView.h; sourceTree = "<group>"; };
		E8103EE5192DEBBA005AFA16 /* GADBannerViewDelegate.h */ = {isa = PBXFileReference; fileEncoding = 4; lastKnownFileType = sourcecode.c.h; path = GADBannerViewDelegate.h; sourceTree = "<group>"; };
		E8103EE6192DEBBA005AFA16 /* GADInterstitial.h */ = {isa = PBXFileReference; fileEncoding = 4; lastKnownFileType = sourcecode.c.h; path = GADInterstitial.h; sourceTree = "<group>"; };
		E8103EE7192DEBBA005AFA16 /* GADInterstitialDelegate.h */ = {isa = PBXFileReference; fileEncoding = 4; lastKnownFileType = sourcecode.c.h; path = GADInterstitialDelegate.h; sourceTree = "<group>"; };
		E8103EE8192DEBBA005AFA16 /* GADRequest.h */ = {isa = PBXFileReference; fileEncoding = 4; lastKnownFileType = sourcecode.c.h; path = GADRequest.h; sourceTree = "<group>"; };
		E8103EE9192DEBBA005AFA16 /* GADRequestError.h */ = {isa = PBXFileReference; fileEncoding = 4; lastKnownFileType = sourcecode.c.h; path = GADRequestError.h; sourceTree = "<group>"; };
		E8103EEA192DEBBA005AFA16 /* libGoogleAdMobAds.a */ = {isa = PBXFileReference; lastKnownFileType = archive.ar; path = libGoogleAdMobAds.a; sourceTree = "<group>"; };
		E8103EED192DEC2F005AFA16 /* AVFoundation.framework */ = {isa = PBXFileReference; lastKnownFileType = wrapper.framework; name = AVFoundation.framework; path = System/Library/Frameworks/AVFoundation.framework; sourceTree = SDKROOT; };
		E8103EEF192DEC40005AFA16 /* CoreTelephony.framework */ = {isa = PBXFileReference; lastKnownFileType = wrapper.framework; name = CoreTelephony.framework; path = System/Library/Frameworks/CoreTelephony.framework; sourceTree = SDKROOT; };
		E8103EF1192DEC4D005AFA16 /* Security.framework */ = {isa = PBXFileReference; lastKnownFileType = wrapper.framework; name = Security.framework; path = System/Library/Frameworks/Security.framework; sourceTree = SDKROOT; };
		E8103EF3192DEC57005AFA16 /* StoreKit.framework */ = {isa = PBXFileReference; lastKnownFileType = wrapper.framework; name = StoreKit.framework; path = System/Library/Frameworks/StoreKit.framework; sourceTree = SDKROOT; };
		E8103EF5192DEC63005AFA16 /* AdSupport.framework */ = {isa = PBXFileReference; lastKnownFileType = wrapper.framework; name = AdSupport.framework; path = System/Library/Frameworks/AdSupport.framework; sourceTree = SDKROOT; };
		E8103EF7192DEC6E005AFA16 /* AudioToolbox.framework */ = {isa = PBXFileReference; lastKnownFileType = wrapper.framework; name = AudioToolbox.framework; path = System/Library/Frameworks/AudioToolbox.framework; sourceTree = SDKROOT; };
		E8103EF9192DEC80005AFA16 /* SystemConfiguration.framework */ = {isa = PBXFileReference; lastKnownFileType = wrapper.framework; name = SystemConfiguration.framework; path = System/Library/Frameworks/SystemConfiguration.framework; sourceTree = SDKROOT; };
		E8103EFB192DEC8A005AFA16 /* MessageUI.framework */ = {isa = PBXFileReference; lastKnownFileType = wrapper.framework; name = MessageUI.framework; path = System/Library/Frameworks/MessageUI.framework; sourceTree = SDKROOT; };
		E8103EFD192DECA2005AFA16 /* MediaPlayer.framework */ = {isa = PBXFileReference; lastKnownFileType = wrapper.framework; name = MediaPlayer.framework; path = System/Library/Frameworks/MediaPlayer.framework; sourceTree = SDKROOT; };
		E8103EFF192DF3CF005AFA16 /* GADInAppPurchase.h */ = {isa = PBXFileReference; fileEncoding = 4; lastKnownFileType = sourcecode.c.h; path = GADInAppPurchase.h; sourceTree = "<group>"; };
		E8103F00192DF3CF005AFA16 /* GADInAppPurchaseDelegate.h */ = {isa = PBXFileReference; fileEncoding = 4; lastKnownFileType = sourcecode.c.h; path = GADInAppPurchaseDelegate.h; sourceTree = "<group>"; };
		E8103F01192DF3CF005AFA16 /* GADModules.h */ = {isa = PBXFileReference; fileEncoding = 4; lastKnownFileType = sourcecode.c.h; path = GADModules.h; sourceTree = "<group>"; };
		E8103F27192E0CE0005AFA16 /* ColorMatrix.h */ = {isa = PBXFileReference; fileEncoding = 4; lastKnownFileType = sourcecode.c.h; path = ColorMatrix.h; sourceTree = "<group>"; };
		E8103F28192E0CE0005AFA16 /* FilterImage.h */ = {isa = PBXFileReference; fileEncoding = 4; lastKnownFileType = sourcecode.c.h; path = FilterImage.h; sourceTree = "<group>"; };
		E8103F29192E0CE0005AFA16 /* FilterImage.m */ = {isa = PBXFileReference; fileEncoding = 4; lastKnownFileType = sourcecode.c.objc; path = FilterImage.m; sourceTree = "<group>"; };
		E8103F2A192E0CE0005AFA16 /* ImageUtil.h */ = {isa = PBXFileReference; fileEncoding = 4; lastKnownFileType = sourcecode.c.h; path = ImageUtil.h; sourceTree = "<group>"; };
		E8103F2B192E0CE0005AFA16 /* ImageUtil.m */ = {isa = PBXFileReference; fileEncoding = 4; lastKnownFileType = sourcecode.c.objc; path = ImageUtil.m; sourceTree = "<group>"; };
		E8103F2E192E1A1A005AFA16 /* PHO_ShareViewController.h */ = {isa = PBXFileReference; fileEncoding = 4; lastKnownFileType = sourcecode.c.h; path = PHO_ShareViewController.h; sourceTree = "<group>"; };
		E8103F2F192E1A1A005AFA16 /* PHO_ShareViewController.m */ = {isa = PBXFileReference; fileEncoding = 4; lastKnownFileType = sourcecode.c.objc; path = PHO_ShareViewController.m; sourceTree = "<group>"; };
		E8287492192F069B0047611C /* MBProgressHUD+Add.h */ = {isa = PBXFileReference; fileEncoding = 4; lastKnownFileType = sourcecode.c.h; path = "MBProgressHUD+Add.h"; sourceTree = "<group>"; };
		E8287493192F069B0047611C /* MBProgressHUD+Add.m */ = {isa = PBXFileReference; fileEncoding = 4; lastKnownFileType = sourcecode.c.objc; path = "MBProgressHUD+Add.m"; sourceTree = "<group>"; };
		E8287494192F069B0047611C /* MBProgressHUD.bundle */ = {isa = PBXFileReference; lastKnownFileType = "wrapper.plug-in"; path = MBProgressHUD.bundle; sourceTree = "<group>"; };
		E8287495192F069B0047611C /* MBProgressHUD.h */ = {isa = PBXFileReference; fileEncoding = 4; lastKnownFileType = sourcecode.c.h; path = MBProgressHUD.h; sourceTree = "<group>"; };
		E8287496192F069B0047611C /* MBProgressHUD.m */ = {isa = PBXFileReference; fileEncoding = 4; lastKnownFileType = sourcecode.c.objc; path = MBProgressHUD.m; sourceTree = "<group>"; };
		E82874AF192F3DA80047611C /* color-1.png */ = {isa = PBXFileReference; lastKnownFileType = image.png; path = "color-1.png"; sourceTree = "<group>"; };
		E87C074B1935FB9A006B821F /* love */ = {isa = PBXFileReference; lastKnownFileType = folder; path = love; sourceTree = "<group>"; };
		E87C074F1935FBA7006B821F /* shape */ = {isa = PBXFileReference; lastKnownFileType = folder; path = shape; sourceTree = "<group>"; };
		E87C07531935FD39006B821F /* graph */ = {isa = PBXFileReference; lastKnownFileType = folder; path = graph; sourceTree = "<group>"; };
		E890EC5F193EEF8B00A129E7 /* CoreData.framework */ = {isa = PBXFileReference; lastKnownFileType = wrapper.framework; name = CoreData.framework; path = System/Library/Frameworks/CoreData.framework; sourceTree = SDKROOT; };
		E8C851F019344625008BDE26 /* 滤镜@2x.png */ = {isa = PBXFileReference; lastKnownFileType = image.png; path = "滤镜@2x.png"; sourceTree = "<group>"; };
		E8C851F119344625008BDE26 /* 滤镜(选中)@2x.png */ = {isa = PBXFileReference; lastKnownFileType = image.png; path = "滤镜(选中)@2x.png"; sourceTree = "<group>"; };
		E8C851F219344625008BDE26 /* 前景编辑@2x.png */ = {isa = PBXFileReference; lastKnownFileType = image.png; path = "前景编辑@2x.png"; sourceTree = "<group>"; };
		E8C851F319344625008BDE26 /* 前景编辑(选中)@2x.png */ = {isa = PBXFileReference; lastKnownFileType = image.png; path = "前景编辑(选中)@2x.png"; sourceTree = "<group>"; };
		E8C851F419344625008BDE26 /* 形状@2x.png */ = {isa = PBXFileReference; lastKnownFileType = image.png; path = "形状@2x.png"; sourceTree = "<group>"; };
		E8C851F519344625008BDE26 /* 形状(选中)@2x.png */ = {isa = PBXFileReference; lastKnownFileType = image.png; path = "形状(选中)@2x.png"; sourceTree = "<group>"; };
		E8C851F619344625008BDE26 /* 形状背景带上下细线@2x.png */ = {isa = PBXFileReference; lastKnownFileType = image.png; path = "形状背景带上下细线@2x.png"; sourceTree = "<group>"; };
		E8C851F719344625008BDE26 /* back@2x.png */ = {isa = PBXFileReference; lastKnownFileType = image.png; path = "back@2x.png"; sourceTree = "<group>"; };
		E8C851F819344625008BDE26 /* share-icon@2x.png */ = {isa = PBXFileReference; lastKnownFileType = image.png; path = "share-icon@2x.png"; sourceTree = "<group>"; };
		E8C852031934481D008BDE26 /* CMethods.h */ = {isa = PBXFileReference; fileEncoding = 4; lastKnownFileType = sourcecode.c.h; path = CMethods.h; sourceTree = "<group>"; };
		E8C852041934481D008BDE26 /* CMethods.m */ = {isa = PBXFileReference; fileEncoding = 4; lastKnownFileType = sourcecode.c.objc; path = CMethods.m; sourceTree = "<group>"; };
		E8C8520619344888008BDE26 /* Defines.h */ = {isa = PBXFileReference; fileEncoding = 4; lastKnownFileType = sourcecode.c.h; path = Defines.h; sourceTree = "<group>"; };
		E8CFC162193EFBA3006DD57A /* GAI.h */ = {isa = PBXFileReference; fileEncoding = 4; lastKnownFileType = sourcecode.c.h; path = GAI.h; sourceTree = "<group>"; };
		E8CFC163193EFBA3006DD57A /* GAIDictionaryBuilder.h */ = {isa = PBXFileReference; fileEncoding = 4; lastKnownFileType = sourcecode.c.h; path = GAIDictionaryBuilder.h; sourceTree = "<group>"; };
		E8CFC164193EFBA3006DD57A /* GAIFields.h */ = {isa = PBXFileReference; fileEncoding = 4; lastKnownFileType = sourcecode.c.h; path = GAIFields.h; sourceTree = "<group>"; };
		E8CFC165193EFBA3006DD57A /* GAILogger.h */ = {isa = PBXFileReference; fileEncoding = 4; lastKnownFileType = sourcecode.c.h; path = GAILogger.h; sourceTree = "<group>"; };
		E8CFC166193EFBA3006DD57A /* GAITrackedViewController.h */ = {isa = PBXFileReference; fileEncoding = 4; lastKnownFileType = sourcecode.c.h; path = GAITrackedViewController.h; sourceTree = "<group>"; };
		E8CFC167193EFBA3006DD57A /* GAITracker.h */ = {isa = PBXFileReference; fileEncoding = 4; lastKnownFileType = sourcecode.c.h; path = GAITracker.h; sourceTree = "<group>"; };
		E8CFC168193EFBB4006DD57A /* libGoogleAnalyticsServices.a */ = {isa = PBXFileReference; lastKnownFileType = archive.ar; path = libGoogleAnalyticsServices.a; sourceTree = "<group>"; };
		E8CFC16A193EFECB006DD57A /* libsqlite3.dylib */ = {isa = PBXFileReference; lastKnownFileType = "compiled.mach-o.dylib"; name = libsqlite3.dylib; path = usr/lib/libsqlite3.dylib; sourceTree = SDKROOT; };
		E8CFC16D193F238C006DD57A /* Flurry.h */ = {isa = PBXFileReference; fileEncoding = 4; lastKnownFileType = sourcecode.c.h; path = Flurry.h; sourceTree = "<group>"; };
		E8CFC16E193F238C006DD57A /* libFlurry_5.0.0.a */ = {isa = PBXFileReference; lastKnownFileType = archive.ar; path = libFlurry_5.0.0.a; sourceTree = "<group>"; };
		E8CFC172193F34E6006DD57A /* PHO_DataRequest.h */ = {isa = PBXFileReference; fileEncoding = 4; lastKnownFileType = sourcecode.c.h; path = PHO_DataRequest.h; sourceTree = "<group>"; };
		E8CFC173193F34E6006DD57A /* PHO_DataRequest.m */ = {isa = PBXFileReference; fileEncoding = 4; lastKnownFileType = sourcecode.c.objc; path = PHO_DataRequest.m; sourceTree = "<group>"; };
		E8E42A7C194012A200AC4825 /* AFHTTPRequestOperation.h */ = {isa = PBXFileReference; fileEncoding = 4; lastKnownFileType = sourcecode.c.h; path = AFHTTPRequestOperation.h; sourceTree = "<group>"; };
		E8E42A7D194012A200AC4825 /* AFHTTPRequestOperation.m */ = {isa = PBXFileReference; fileEncoding = 4; lastKnownFileType = sourcecode.c.objc; path = AFHTTPRequestOperation.m; sourceTree = "<group>"; };
		E8E42A7E194012A200AC4825 /* AFHTTPRequestOperationManager.h */ = {isa = PBXFileReference; fileEncoding = 4; lastKnownFileType = sourcecode.c.h; path = AFHTTPRequestOperationManager.h; sourceTree = "<group>"; };
		E8E42A7F194012A200AC4825 /* AFHTTPRequestOperationManager.m */ = {isa = PBXFileReference; fileEncoding = 4; lastKnownFileType = sourcecode.c.objc; path = AFHTTPRequestOperationManager.m; sourceTree = "<group>"; };
		E8E42A80194012A200AC4825 /* AFHTTPSessionManager.h */ = {isa = PBXFileReference; fileEncoding = 4; lastKnownFileType = sourcecode.c.h; path = AFHTTPSessionManager.h; sourceTree = "<group>"; };
		E8E42A81194012A200AC4825 /* AFHTTPSessionManager.m */ = {isa = PBXFileReference; fileEncoding = 4; lastKnownFileType = sourcecode.c.objc; path = AFHTTPSessionManager.m; sourceTree = "<group>"; };
		E8E42A82194012A200AC4825 /* AFNetworking.h */ = {isa = PBXFileReference; fileEncoding = 4; lastKnownFileType = sourcecode.c.h; path = AFNetworking.h; sourceTree = "<group>"; };
		E8E42A83194012A200AC4825 /* AFNetworkReachabilityManager.h */ = {isa = PBXFileReference; fileEncoding = 4; lastKnownFileType = sourcecode.c.h; path = AFNetworkReachabilityManager.h; sourceTree = "<group>"; };
		E8E42A84194012A200AC4825 /* AFNetworkReachabilityManager.m */ = {isa = PBXFileReference; fileEncoding = 4; lastKnownFileType = sourcecode.c.objc; path = AFNetworkReachabilityManager.m; sourceTree = "<group>"; };
		E8E42A85194012A200AC4825 /* AFSecurityPolicy.h */ = {isa = PBXFileReference; fileEncoding = 4; lastKnownFileType = sourcecode.c.h; path = AFSecurityPolicy.h; sourceTree = "<group>"; };
		E8E42A86194012A200AC4825 /* AFSecurityPolicy.m */ = {isa = PBXFileReference; fileEncoding = 4; lastKnownFileType = sourcecode.c.objc; path = AFSecurityPolicy.m; sourceTree = "<group>"; };
		E8E42A87194012A200AC4825 /* AFURLConnectionOperation.h */ = {isa = PBXFileReference; fileEncoding = 4; lastKnownFileType = sourcecode.c.h; path = AFURLConnectionOperation.h; sourceTree = "<group>"; };
		E8E42A88194012A200AC4825 /* AFURLConnectionOperation.m */ = {isa = PBXFileReference; fileEncoding = 4; lastKnownFileType = sourcecode.c.objc; path = AFURLConnectionOperation.m; sourceTree = "<group>"; };
		E8E42A89194012A200AC4825 /* AFURLRequestSerialization.h */ = {isa = PBXFileReference; fileEncoding = 4; lastKnownFileType = sourcecode.c.h; path = AFURLRequestSerialization.h; sourceTree = "<group>"; };
		E8E42A8A194012A200AC4825 /* AFURLRequestSerialization.m */ = {isa = PBXFileReference; fileEncoding = 4; lastKnownFileType = sourcecode.c.objc; path = AFURLRequestSerialization.m; sourceTree = "<group>"; };
		E8E42A8B194012A200AC4825 /* AFURLResponseSerialization.h */ = {isa = PBXFileReference; fileEncoding = 4; lastKnownFileType = sourcecode.c.h; path = AFURLResponseSerialization.h; sourceTree = "<group>"; };
		E8E42A8C194012A200AC4825 /* AFURLResponseSerialization.m */ = {isa = PBXFileReference; fileEncoding = 4; lastKnownFileType = sourcecode.c.objc; path = AFURLResponseSerialization.m; sourceTree = "<group>"; };
		E8E42A8D194012A200AC4825 /* AFURLSessionManager.h */ = {isa = PBXFileReference; fileEncoding = 4; lastKnownFileType = sourcecode.c.h; path = AFURLSessionManager.h; sourceTree = "<group>"; };
		E8E42A8E194012A200AC4825 /* AFURLSessionManager.m */ = {isa = PBXFileReference; fileEncoding = 4; lastKnownFileType = sourcecode.c.objc; path = AFURLSessionManager.m; sourceTree = "<group>"; };
		E8E42A99194012F700AC4825 /* PRJ_ProtocolClass.h */ = {isa = PBXFileReference; fileEncoding = 4; lastKnownFileType = sourcecode.c.h; path = PRJ_ProtocolClass.h; sourceTree = "<group>"; };
		E8E42A9A1940140100AC4825 /* UIDevice+DeviceInfo.m */ = {isa = PBXFileReference; fileEncoding = 4; lastKnownFileType = sourcecode.c.objc; path = "UIDevice+DeviceInfo.m"; sourceTree = "<group>"; };
		E8E42A9B1940140100AC4825 /* UIDevice+DeviceInfo.h */ = {isa = PBXFileReference; fileEncoding = 4; lastKnownFileType = sourcecode.c.h; path = "UIDevice+DeviceInfo.h"; sourceTree = "<group>"; };
		E8E42A9E1940156100AC4825 /* Reachability.h */ = {isa = PBXFileReference; fileEncoding = 4; lastKnownFileType = sourcecode.c.h; path = Reachability.h; sourceTree = "<group>"; };
		E8E42A9F1940156100AC4825 /* Reachability.m */ = {isa = PBXFileReference; fileEncoding = 4; lastKnownFileType = sourcecode.c.objc; path = Reachability.m; sourceTree = "<group>"; };
		E8F40A30192CCB0300A2F0A9 /* IOSShape.app */ = {isa = PBXFileReference; explicitFileType = wrapper.application; includeInIndex = 0; path = IOSShape.app; sourceTree = BUILT_PRODUCTS_DIR; };
		E8F40A33192CCB0300A2F0A9 /* Foundation.framework */ = {isa = PBXFileReference; lastKnownFileType = wrapper.framework; name = Foundation.framework; path = System/Library/Frameworks/Foundation.framework; sourceTree = SDKROOT; };
		E8F40A35192CCB0300A2F0A9 /* CoreGraphics.framework */ = {isa = PBXFileReference; lastKnownFileType = wrapper.framework; name = CoreGraphics.framework; path = System/Library/Frameworks/CoreGraphics.framework; sourceTree = SDKROOT; };
		E8F40A37192CCB0300A2F0A9 /* UIKit.framework */ = {isa = PBXFileReference; lastKnownFileType = wrapper.framework; name = UIKit.framework; path = System/Library/Frameworks/UIKit.framework; sourceTree = SDKROOT; };
		E8F40A3B192CCB0300A2F0A9 /* IOSShape-Info.plist */ = {isa = PBXFileReference; lastKnownFileType = text.plist.xml; path = "IOSShape-Info.plist"; sourceTree = "<group>"; };
		E8F40A3D192CCB0300A2F0A9 /* en */ = {isa = PBXFileReference; lastKnownFileType = text.plist.strings; name = en; path = en.lproj/InfoPlist.strings; sourceTree = "<group>"; };
		E8F40A3F192CCB0300A2F0A9 /* main.m */ = {isa = PBXFileReference; lastKnownFileType = sourcecode.c.objc; path = main.m; sourceTree = "<group>"; };
		E8F40A41192CCB0300A2F0A9 /* IOSShape-Prefix.pch */ = {isa = PBXFileReference; lastKnownFileType = sourcecode.c.h; path = "IOSShape-Prefix.pch"; sourceTree = "<group>"; };
		E8F40A42192CCB0300A2F0A9 /* PHO_AppDelegate.h */ = {isa = PBXFileReference; lastKnownFileType = sourcecode.c.h; path = PHO_AppDelegate.h; sourceTree = "<group>"; };
		E8F40A43192CCB0300A2F0A9 /* PHO_AppDelegate.m */ = {isa = PBXFileReference; lastKnownFileType = sourcecode.c.objc; path = PHO_AppDelegate.m; sourceTree = "<group>"; };
		E8F40A45192CCB0300A2F0A9 /* Images.xcassets */ = {isa = PBXFileReference; lastKnownFileType = folder.assetcatalog; path = Images.xcassets; sourceTree = "<group>"; };
		E8F40A4B192CCB0300A2F0A9 /* IOSShapeTests.xctest */ = {isa = PBXFileReference; explicitFileType = wrapper.cfbundle; includeInIndex = 0; path = IOSShapeTests.xctest; sourceTree = BUILT_PRODUCTS_DIR; };
		E8F40A4C192CCB0300A2F0A9 /* XCTest.framework */ = {isa = PBXFileReference; lastKnownFileType = wrapper.framework; name = XCTest.framework; path = Library/Frameworks/XCTest.framework; sourceTree = DEVELOPER_DIR; };
		E8F40A54192CCB0300A2F0A9 /* IOSShapeTests-Info.plist */ = {isa = PBXFileReference; lastKnownFileType = text.plist.xml; path = "IOSShapeTests-Info.plist"; sourceTree = "<group>"; };
		E8F40A56192CCB0300A2F0A9 /* en */ = {isa = PBXFileReference; lastKnownFileType = text.plist.strings; name = en; path = en.lproj/InfoPlist.strings; sourceTree = "<group>"; };
		E8F40A58192CCB0300A2F0A9 /* IOSShapeTests.m */ = {isa = PBXFileReference; lastKnownFileType = sourcecode.c.objc; path = IOSShapeTests.m; sourceTree = "<group>"; };
		E8F40A66192CCB5E00A2F0A9 /* PHO_MainViewController.h */ = {isa = PBXFileReference; fileEncoding = 4; lastKnownFileType = sourcecode.c.h; path = PHO_MainViewController.h; sourceTree = "<group>"; };
		E8F40A67192CCB5E00A2F0A9 /* PHO_HomeViewController.h */ = {isa = PBXFileReference; fileEncoding = 4; lastKnownFileType = sourcecode.c.h; path = PHO_HomeViewController.h; sourceTree = "<group>"; };
		E8F40A68192CCB5E00A2F0A9 /* PHO_MainViewController.m */ = {isa = PBXFileReference; fileEncoding = 4; lastKnownFileType = sourcecode.c.objc; path = PHO_MainViewController.m; sourceTree = "<group>"; };
		E8F40A69192CCB5E00A2F0A9 /* PHO_HomeViewController.m */ = {isa = PBXFileReference; fileEncoding = 4; lastKnownFileType = sourcecode.c.objc; path = PHO_HomeViewController.m; sourceTree = "<group>"; };
		E8F40A6C192CCB7900A2F0A9 /* UIImage+processing.m */ = {isa = PBXFileReference; fileEncoding = 4; lastKnownFileType = sourcecode.c.objc; path = "UIImage+processing.m"; sourceTree = "<group>"; };
		E8F40A6D192CCB7900A2F0A9 /* UIImage+processing.h */ = {isa = PBXFileReference; fileEncoding = 4; lastKnownFileType = sourcecode.c.h; path = "UIImage+processing.h"; sourceTree = "<group>"; };
		E8F40A70192CCBB800A2F0A9 /* PHO_MainShowView.m */ = {isa = PBXFileReference; fileEncoding = 4; lastKnownFileType = sourcecode.c.objc; path = PHO_MainShowView.m; sourceTree = "<group>"; };
		E8F40A71192CCBB800A2F0A9 /* PHO_MainShowView.h */ = {isa = PBXFileReference; fileEncoding = 4; lastKnownFileType = sourcecode.c.h; path = PHO_MainShowView.h; sourceTree = "<group>"; };
		E8F66BF51935B92F006EC81E /* Camera@2x.png */ = {isa = PBXFileReference; lastKnownFileType = image.png; path = "Camera@2x.png"; sourceTree = "<group>"; };
		E8F66BF61935B92F006EC81E /* gallery@2x.png */ = {isa = PBXFileReference; lastKnownFileType = image.png; path = "gallery@2x.png"; sourceTree = "<group>"; };
		E8F66BF71935B92F006EC81E /* Nocrop@2x.png */ = {isa = PBXFileReference; lastKnownFileType = image.png; path = "Nocrop@2x.png"; sourceTree = "<group>"; };
		E8F66BFB1935B93B006EC81E /* wallbase@2x.png */ = {isa = PBXFileReference; lastKnownFileType = image.png; path = "wallbase@2x.png"; sourceTree = "<group>"; };
		E8F66BFD1935C2B2006EC81E /* InfoButtonImage@2x.png */ = {isa = PBXFileReference; lastKnownFileType = image.png; path = "InfoButtonImage@2x.png"; sourceTree = "<group>"; };
		E8F66C6D1935E8D3006EC81E /* flower */ = {isa = PBXFileReference; lastKnownFileType = folder; path = flower; sourceTree = "<group>"; };
		E8F66C711935EA90006EC81E /* nature */ = {isa = PBXFileReference; lastKnownFileType = folder; path = nature; sourceTree = "<group>"; };
		E8F66C751935EEA2006EC81E /* grocery */ = {isa = PBXFileReference; lastKnownFileType = folder; path = grocery; sourceTree = "<group>"; };
/* End PBXFileReference section */

/* Begin PBXFrameworksBuildPhase section */
		E8F40A2D192CCB0300A2F0A9 /* Frameworks */ = {
			isa = PBXFrameworksBuildPhase;
			buildActionMask = 2147483647;
			files = (
				E8CFC16B193EFECB006DD57A /* libsqlite3.dylib in Frameworks */,
				E890EC60193EEF8B00A129E7 /* CoreData.framework in Frameworks */,
				E806CD161936DBBE00459E9D /* libz.dylib in Frameworks */,
				E8CFC16F193F238C006DD57A /* libFlurry_5.0.0.a in Frameworks */,
				E8103EFE192DECA2005AFA16 /* MediaPlayer.framework in Frameworks */,
				E8103EFC192DEC8A005AFA16 /* MessageUI.framework in Frameworks */,
				E8103EFA192DEC80005AFA16 /* SystemConfiguration.framework in Frameworks */,
				E806CD181936DC0600459E9D /* libMobClickLibrary_armv6.a in Frameworks */,
				E8103EF8192DEC6E005AFA16 /* AudioToolbox.framework in Frameworks */,
				E8103EF6192DEC63005AFA16 /* AdSupport.framework in Frameworks */,
				E806CD131936D9EC00459E9D /* libMobClickLibrary.a in Frameworks */,
				E8103EF4192DEC57005AFA16 /* StoreKit.framework in Frameworks */,
				E8103EF2192DEC4D005AFA16 /* Security.framework in Frameworks */,
				E8CFC169193EFBB4006DD57A /* libGoogleAnalyticsServices.a in Frameworks */,
				E8103EF0192DEC40005AFA16 /* CoreTelephony.framework in Frameworks */,
				E8103EEE192DEC2F005AFA16 /* AVFoundation.framework in Frameworks */,
				E8F40A36192CCB0300A2F0A9 /* CoreGraphics.framework in Frameworks */,
				E8103EEC192DEBBA005AFA16 /* libGoogleAdMobAds.a in Frameworks */,
				E8F40A38192CCB0300A2F0A9 /* UIKit.framework in Frameworks */,
				E8F40A34192CCB0300A2F0A9 /* Foundation.framework in Frameworks */,
			);
			runOnlyForDeploymentPostprocessing = 0;
		};
		E8F40A48192CCB0300A2F0A9 /* Frameworks */ = {
			isa = PBXFrameworksBuildPhase;
			buildActionMask = 2147483647;
			files = (
				E8F40A4D192CCB0300A2F0A9 /* XCTest.framework in Frameworks */,
				E8F40A4F192CCB0300A2F0A9 /* UIKit.framework in Frameworks */,
				E8F40A4E192CCB0300A2F0A9 /* Foundation.framework in Frameworks */,
			);
			runOnlyForDeploymentPostprocessing = 0;
		};
/* End PBXFrameworksBuildPhase section */

/* Begin PBXGroup section */
		E806CD0F1936D9EC00459E9D /* uMengSDK */ = {
			isa = PBXGroup;
			children = (
				E806CD171936DC0600459E9D /* libMobClickLibrary_armv6.a */,
				E806CD101936D9EC00459E9D /* libMobClickLibrary.a */,
				E806CD121936D9EC00459E9D /* MobClick.h */,
			);
			path = uMengSDK;
			sourceTree = "<group>";
		};
		E806CD1919370EC100459E9D /* 分享页切图 */ = {
			isa = PBXGroup;
			children = (
				E806CD1A19370ED700459E9D /* 更多@2x.png */,
				E806CD1B19370ED700459E9D /* 相册@2x.png */,
				E806CD1C19370ED700459E9D /* fb@2x.png */,
				E806CD1D19370ED700459E9D /* home@2x.png */,
				E806CD1E19370ED700459E9D /* share-to-insta@2x.png */,
			);
			name = "分享页切图";
			sourceTree = "<group>";
		};
		E806CD2419370FAF00459E9D /* Resource */ = {
			isa = PBXGroup;
			children = (
				E806CD3D19371ED900459E9D /* PHO_AboutUsViewController.xib */,
			);
			name = Resource;
			sourceTree = "<group>";
		};
		E806CD2C19371AEB00459E9D /* 关于我们切图 */ = {
			isa = PBXGroup;
			children = (
				E806CD3F193724CB00459E9D /* Arrow@2x.png */,
				E806CD2D19371AFE00459E9D /* 反馈@2x.png */,
				E806CD2E19371AFE00459E9D /* 分享@2x.png */,
				E806CD2F19371AFE00459E9D /* 更新@2x.png */,
				E806CD3019371AFE00459E9D /* 关注我们@2x.png */,
				E806CD3119371AFE00459E9D /* 评分@2x.png */,
			);
			name = "关于我们切图";
			sourceTree = "<group>";
		};
		E806CD3719371CA600459E9D /* cells */ = {
			isa = PBXGroup;
			children = (
				E806CD3A19371CB100459E9D /* PHO_AboutUsTableViewCell.h */,
				E806CD3919371CB100459E9D /* PHO_AboutUsTableViewCell.m */,
				E806CD3819371CB100459E9D /* PHO_AboutUsTableViewCell.xib */,
			);
			name = cells;
			sourceTree = "<group>";
		};
		E8103EC0192D9F53005AFA16 /* images */ = {
			isa = PBXGroup;
			children = (
				E806CD2C19371AEB00459E9D /* 关于我们切图 */,
				E806CD1919370EC100459E9D /* 分享页切图 */,
				E8F66BF41935B82B006EC81E /* 主页切图 */,
				E8C851EF193445F5008BDE26 /* 编辑页切图 */,
				E82874AE192F375B0047611C /* graphImages */,
				E82874AD192F37510047611C /* colorImages */,
				E82874AC192F37450047611C /* shapeImages */,
			);
			name = images;
			sourceTree = "<group>";
		};
		E8103ED0192DE6A4005AFA16 /* SDK */ = {
			isa = PBXGroup;
			children = (
				E8E42A9D1940156100AC4825 /* checkNet */,
				E8E42A7B194012A200AC4825 /* AFNetworking */,
				E8CFC16C193F233F006DD57A /* flurryAnalytics */,
				E8CFC157193EFAD8006DD57A /* GoogleAnalytics */,
				E806CD0F1936D9EC00459E9D /* uMengSDK */,
				E8287491192F069B0047611C /* MBProgressHUD */,
				E8103EE0192DEB93005AFA16 /* AdMobSDK */,
			);
			name = SDK;
			sourceTree = "<group>";
		};
		E8103EE0192DEB93005AFA16 /* AdMobSDK */ = {
			isa = PBXGroup;
			children = (
				E8103EFF192DF3CF005AFA16 /* GADInAppPurchase.h */,
				E8103F00192DF3CF005AFA16 /* GADInAppPurchaseDelegate.h */,
				E8103F01192DF3CF005AFA16 /* GADModules.h */,
				E8103EE1192DEBBA005AFA16 /* GADAdMobExtras.h */,
				E8103EE2192DEBBA005AFA16 /* GADAdNetworkExtras.h */,
				E8103EE3192DEBBA005AFA16 /* GADAdSize.h */,
				E8103EE4192DEBBA005AFA16 /* GADBannerView.h */,
				E8103EE5192DEBBA005AFA16 /* GADBannerViewDelegate.h */,
				E8103EE6192DEBBA005AFA16 /* GADInterstitial.h */,
				E8103EE7192DEBBA005AFA16 /* GADInterstitialDelegate.h */,
				E8103EE8192DEBBA005AFA16 /* GADRequest.h */,
				E8103EE9192DEBBA005AFA16 /* GADRequestError.h */,
				E8103EEA192DEBBA005AFA16 /* libGoogleAdMobAds.a */,
			);
			path = AdMobSDK;
			sourceTree = "<group>";
		};
		E8103F24192E0CC1005AFA16 /* public */ = {
			isa = PBXGroup;
			children = (
				E8C85202193447D1008BDE26 /* publicMetod */,
				E8103F26192E0CE0005AFA16 /* Filter */,
			);
			name = public;
			sourceTree = "<group>";
		};
		E8103F26192E0CE0005AFA16 /* Filter */ = {
			isa = PBXGroup;
			children = (
				E8103F27192E0CE0005AFA16 /* ColorMatrix.h */,
				E8103F28192E0CE0005AFA16 /* FilterImage.h */,
				E8103F29192E0CE0005AFA16 /* FilterImage.m */,
				E8103F2A192E0CE0005AFA16 /* ImageUtil.h */,
				E8103F2B192E0CE0005AFA16 /* ImageUtil.m */,
			);
			path = Filter;
			sourceTree = "<group>";
		};
		E8287491192F069B0047611C /* MBProgressHUD */ = {
			isa = PBXGroup;
			children = (
				E8287492192F069B0047611C /* MBProgressHUD+Add.h */,
				E8287493192F069B0047611C /* MBProgressHUD+Add.m */,
				E8287494192F069B0047611C /* MBProgressHUD.bundle */,
				E8287495192F069B0047611C /* MBProgressHUD.h */,
				E8287496192F069B0047611C /* MBProgressHUD.m */,
			);
			path = MBProgressHUD;
			sourceTree = "<group>";
		};
		E82874AC192F37450047611C /* shapeImages */ = {
			isa = PBXGroup;
			children = (
				E89287211932E30800DECEA5 /* Max_shapeImage */,
				E89287201932E2F700DECEA5 /* shapeImage */,
			);
			name = shapeImages;
			sourceTree = "<group>";
		};
		E82874AD192F37510047611C /* colorImages */ = {
			isa = PBXGroup;
			children = (
				E82874AF192F3DA80047611C /* color-1.png */,
			);
			name = colorImages;
			sourceTree = "<group>";
		};
		E82874AE192F375B0047611C /* graphImages */ = {
			isa = PBXGroup;
			children = (
				E87C07531935FD39006B821F /* graph */,
			);
			name = graphImages;
			sourceTree = "<group>";
		};
		E89287201932E2F700DECEA5 /* shapeImage */ = {
			isa = PBXGroup;
			children = (
				E87C074F1935FBA7006B821F /* shape */,
				E87C074B1935FB9A006B821F /* love */,
				E8F66C751935EEA2006EC81E /* grocery */,
				E8F66C711935EA90006EC81E /* nature */,
				E8F66C6D1935E8D3006EC81E /* flower */,
			);
			name = shapeImage;
			sourceTree = "<group>";
		};
		E89287211932E30800DECEA5 /* Max_shapeImage */ = {
			isa = PBXGroup;
			children = (
				E8063760193887D500B2ED10 /* Max_shape */,
				E806375019382C2000B2ED10 /* Max_flower */,
				E806375119382C2000B2ED10 /* Max_grocery */,
				E806375219382C2000B2ED10 /* Max_love */,
				E806375319382C2000B2ED10 /* Max_nature */,
			);
			name = Max_shapeImage;
			sourceTree = "<group>";
		};
		E8C851EF193445F5008BDE26 /* 编辑页切图 */ = {
			isa = PBXGroup;
			children = (
				E806375A19385E6000B2ED10 /* XXX@2x.png */,
				E8C851F019344625008BDE26 /* 滤镜@2x.png */,
				E8C851F119344625008BDE26 /* 滤镜(选中)@2x.png */,
				E8C851F219344625008BDE26 /* 前景编辑@2x.png */,
				E8C851F319344625008BDE26 /* 前景编辑(选中)@2x.png */,
				E8C851F419344625008BDE26 /* 形状@2x.png */,
				E8C851F519344625008BDE26 /* 形状(选中)@2x.png */,
				E8C851F619344625008BDE26 /* 形状背景带上下细线@2x.png */,
				E8C851F719344625008BDE26 /* back@2x.png */,
				E8C851F819344625008BDE26 /* share-icon@2x.png */,
			);
			name = "编辑页切图";
			sourceTree = "<group>";
		};
		E8C85202193447D1008BDE26 /* publicMetod */ = {
			isa = PBXGroup;
			children = (
				E8C852031934481D008BDE26 /* CMethods.h */,
				E8C852041934481D008BDE26 /* CMethods.m */,
			);
			name = publicMetod;
			sourceTree = "<group>";
		};
		E8CFC157193EFAD8006DD57A /* GoogleAnalytics */ = {
			isa = PBXGroup;
			children = (
				E8CFC168193EFBB4006DD57A /* libGoogleAnalyticsServices.a */,
				E8CFC162193EFBA3006DD57A /* GAI.h */,
				E8CFC163193EFBA3006DD57A /* GAIDictionaryBuilder.h */,
				E8CFC164193EFBA3006DD57A /* GAIFields.h */,
				E8CFC165193EFBA3006DD57A /* GAILogger.h */,
				E8CFC166193EFBA3006DD57A /* GAITrackedViewController.h */,
				E8CFC167193EFBA3006DD57A /* GAITracker.h */,
			);
			name = GoogleAnalytics;
			sourceTree = "<group>";
		};
		E8CFC16C193F233F006DD57A /* flurryAnalytics */ = {
			isa = PBXGroup;
			children = (
				E8CFC16D193F238C006DD57A /* Flurry.h */,
				E8CFC16E193F238C006DD57A /* libFlurry_5.0.0.a */,
			);
			name = flurryAnalytics;
			sourceTree = "<group>";
		};
		E8CFC170193F3460006DD57A /* DataGeters */ = {
			isa = PBXGroup;
			children = (
				E8CFC172193F34E6006DD57A /* PHO_DataRequest.h */,
				E8CFC173193F34E6006DD57A /* PHO_DataRequest.m */,
			);
			name = DataGeters;
			sourceTree = "<group>";
		};
		E8E42A7B194012A200AC4825 /* AFNetworking */ = {
			isa = PBXGroup;
			children = (
				E8E42A7C194012A200AC4825 /* AFHTTPRequestOperation.h */,
				E8E42A7D194012A200AC4825 /* AFHTTPRequestOperation.m */,
				E8E42A7E194012A200AC4825 /* AFHTTPRequestOperationManager.h */,
				E8E42A7F194012A200AC4825 /* AFHTTPRequestOperationManager.m */,
				E8E42A80194012A200AC4825 /* AFHTTPSessionManager.h */,
				E8E42A81194012A200AC4825 /* AFHTTPSessionManager.m */,
				E8E42A82194012A200AC4825 /* AFNetworking.h */,
				E8E42A83194012A200AC4825 /* AFNetworkReachabilityManager.h */,
				E8E42A84194012A200AC4825 /* AFNetworkReachabilityManager.m */,
				E8E42A85194012A200AC4825 /* AFSecurityPolicy.h */,
				E8E42A86194012A200AC4825 /* AFSecurityPolicy.m */,
				E8E42A87194012A200AC4825 /* AFURLConnectionOperation.h */,
				E8E42A88194012A200AC4825 /* AFURLConnectionOperation.m */,
				E8E42A89194012A200AC4825 /* AFURLRequestSerialization.h */,
				E8E42A8A194012A200AC4825 /* AFURLRequestSerialization.m */,
				E8E42A8B194012A200AC4825 /* AFURLResponseSerialization.h */,
				E8E42A8C194012A200AC4825 /* AFURLResponseSerialization.m */,
				E8E42A8D194012A200AC4825 /* AFURLSessionManager.h */,
				E8E42A8E194012A200AC4825 /* AFURLSessionManager.m */,
			);
			path = AFNetworking;
			sourceTree = "<group>";
		};
		E8E42A98194012E100AC4825 /* delegates */ = {
			isa = PBXGroup;
			children = (
				E8E42A99194012F700AC4825 /* PRJ_ProtocolClass.h */,
			);
			name = delegates;
			sourceTree = "<group>";
		};
		E8E42A9D1940156100AC4825 /* checkNet */ = {
			isa = PBXGroup;
			children = (
				E8E42A9E1940156100AC4825 /* Reachability.h */,
				E8E42A9F1940156100AC4825 /* Reachability.m */,
			);
			path = checkNet;
			sourceTree = "<group>";
		};
		E8F40A27192CCB0300A2F0A9 = {
			isa = PBXGroup;
			children = (
				E8F40A39192CCB0300A2F0A9 /* IOSShape */,
				E8F40A52192CCB0300A2F0A9 /* IOSShapeTests */,
				E8F40A32192CCB0300A2F0A9 /* Frameworks */,
				E8F40A31192CCB0300A2F0A9 /* Products */,
			);
			sourceTree = "<group>";
		};
		E8F40A31192CCB0300A2F0A9 /* Products */ = {
			isa = PBXGroup;
			children = (
				E8F40A30192CCB0300A2F0A9 /* IOSShape.app */,
				E8F40A4B192CCB0300A2F0A9 /* IOSShapeTests.xctest */,
			);
			name = Products;
			sourceTree = "<group>";
		};
		E8F40A32192CCB0300A2F0A9 /* Frameworks */ = {
			isa = PBXGroup;
			children = (
				E8CFC16A193EFECB006DD57A /* libsqlite3.dylib */,
				E890EC5F193EEF8B00A129E7 /* CoreData.framework */,
				E806CD151936DBBE00459E9D /* libz.dylib */,
				E806CD071936D6C400459E9D /* CoreText.framework */,
				E8103EFD192DECA2005AFA16 /* MediaPlayer.framework */,
				E8103EFB192DEC8A005AFA16 /* MessageUI.framework */,
				E8103EF9192DEC80005AFA16 /* SystemConfiguration.framework */,
				E8103EF7192DEC6E005AFA16 /* AudioToolbox.framework */,
				E8103EF5192DEC63005AFA16 /* AdSupport.framework */,
				E8103EF3192DEC57005AFA16 /* StoreKit.framework */,
				E8103EF1192DEC4D005AFA16 /* Security.framework */,
				E8103EEF192DEC40005AFA16 /* CoreTelephony.framework */,
				E8103EED192DEC2F005AFA16 /* AVFoundation.framework */,
				E8F40A33192CCB0300A2F0A9 /* Foundation.framework */,
				E8F40A35192CCB0300A2F0A9 /* CoreGraphics.framework */,
				E8F40A37192CCB0300A2F0A9 /* UIKit.framework */,
				E8F40A4C192CCB0300A2F0A9 /* XCTest.framework */,
			);
			name = Frameworks;
			sourceTree = "<group>";
		};
		E8F40A39192CCB0300A2F0A9 /* IOSShape */ = {
			isa = PBXGroup;
			children = (
				E8E42A98194012E100AC4825 /* delegates */,
				E8CFC170193F3460006DD57A /* DataGeters */,
				E806CD2419370FAF00459E9D /* Resource */,
				E8103F24192E0CC1005AFA16 /* public */,
				E8103ED0192DE6A4005AFA16 /* SDK */,
				E8103EC0192D9F53005AFA16 /* images */,
				E8F40A6F192CCB8B00A2F0A9 /* defines */,
				E8F40A64192CCB1F00A2F0A9 /* categoris */,
				E8F40A63192CCB1700A2F0A9 /* views */,
				E8F40A62192CCB0E00A2F0A9 /* controllers */,
				E8F40A42192CCB0300A2F0A9 /* PHO_AppDelegate.h */,
				E8F40A43192CCB0300A2F0A9 /* PHO_AppDelegate.m */,
				E8F40A45192CCB0300A2F0A9 /* Images.xcassets */,
				E8F40A3A192CCB0300A2F0A9 /* Supporting Files */,
			);
			path = IOSShape;
			sourceTree = "<group>";
		};
		E8F40A3A192CCB0300A2F0A9 /* Supporting Files */ = {
			isa = PBXGroup;
			children = (
				E8F40A3B192CCB0300A2F0A9 /* IOSShape-Info.plist */,
				E8F40A3C192CCB0300A2F0A9 /* InfoPlist.strings */,
				E8F40A3F192CCB0300A2F0A9 /* main.m */,
				E8F40A41192CCB0300A2F0A9 /* IOSShape-Prefix.pch */,
			);
			name = "Supporting Files";
			sourceTree = "<group>";
		};
		E8F40A52192CCB0300A2F0A9 /* IOSShapeTests */ = {
			isa = PBXGroup;
			children = (
				E8F40A58192CCB0300A2F0A9 /* IOSShapeTests.m */,
				E8F40A53192CCB0300A2F0A9 /* Supporting Files */,
			);
			path = IOSShapeTests;
			sourceTree = "<group>";
		};
		E8F40A53192CCB0300A2F0A9 /* Supporting Files */ = {
			isa = PBXGroup;
			children = (
				E8F40A54192CCB0300A2F0A9 /* IOSShapeTests-Info.plist */,
				E8F40A55192CCB0300A2F0A9 /* InfoPlist.strings */,
			);
			name = "Supporting Files";
			sourceTree = "<group>";
		};
		E8F40A62192CCB0E00A2F0A9 /* controllers */ = {
			isa = PBXGroup;
			children = (
				E8F40A67192CCB5E00A2F0A9 /* PHO_HomeViewController.h */,
				E8F40A69192CCB5E00A2F0A9 /* PHO_HomeViewController.m */,
				E8F40A66192CCB5E00A2F0A9 /* PHO_MainViewController.h */,
				E8F40A68192CCB5E00A2F0A9 /* PHO_MainViewController.m */,
				E8103F2E192E1A1A005AFA16 /* PHO_ShareViewController.h */,
				E8103F2F192E1A1A005AFA16 /* PHO_ShareViewController.m */,
				E806CD2919371ACF00459E9D /* PHO_AboutUsViewController.h */,
				E806CD2A19371ACF00459E9D /* PHO_AboutUsViewController.m */,
			);
			name = controllers;
			sourceTree = "<group>";
		};
		E8F40A63192CCB1700A2F0A9 /* views */ = {
			isa = PBXGroup;
			children = (
				E806CD3719371CA600459E9D /* cells */,
				E8F40A71192CCBB800A2F0A9 /* PHO_MainShowView.h */,
				E8F40A70192CCBB800A2F0A9 /* PHO_MainShowView.m */,
			);
			name = views;
			sourceTree = "<group>";
		};
		E8F40A64192CCB1F00A2F0A9 /* categoris */ = {
			isa = PBXGroup;
			children = (
				E8E42A9A1940140100AC4825 /* UIDevice+DeviceInfo.m */,
				E8E42A9B1940140100AC4825 /* UIDevice+DeviceInfo.h */,
				E8F40A6D192CCB7900A2F0A9 /* UIImage+processing.h */,
				E8F40A6C192CCB7900A2F0A9 /* UIImage+processing.m */,
			);
			name = categoris;
			sourceTree = "<group>";
		};
		E8F40A6F192CCB8B00A2F0A9 /* defines */ = {
			isa = PBXGroup;
			children = (
				E8C8520619344888008BDE26 /* Defines.h */,
			);
			name = defines;
			sourceTree = "<group>";
		};
		E8F66BF41935B82B006EC81E /* 主页切图 */ = {
			isa = PBXGroup;
			children = (
				E8F66BFD1935C2B2006EC81E /* InfoButtonImage@2x.png */,
				E8F66BFB1935B93B006EC81E /* wallbase@2x.png */,
				E8F66BF51935B92F006EC81E /* Camera@2x.png */,
				E8F66BF61935B92F006EC81E /* gallery@2x.png */,
				E8F66BF71935B92F006EC81E /* Nocrop@2x.png */,
			);
			name = "主页切图";
			sourceTree = "<group>";
		};
/* End PBXGroup section */

/* Begin PBXNativeTarget section */
		E8F40A2F192CCB0300A2F0A9 /* IOSShape */ = {
			isa = PBXNativeTarget;
			buildConfigurationList = E8F40A5C192CCB0300A2F0A9 /* Build configuration list for PBXNativeTarget "IOSShape" */;
			buildPhases = (
				E8F40A2C192CCB0300A2F0A9 /* Sources */,
				E8F40A2D192CCB0300A2F0A9 /* Frameworks */,
				E8F40A2E192CCB0300A2F0A9 /* Resources */,
			);
			buildRules = (
			);
			dependencies = (
			);
			name = IOSShape;
			productName = IOSShape;
			productReference = E8F40A30192CCB0300A2F0A9 /* IOSShape.app */;
			productType = "com.apple.product-type.application";
		};
		E8F40A4A192CCB0300A2F0A9 /* IOSShapeTests */ = {
			isa = PBXNativeTarget;
			buildConfigurationList = E8F40A5F192CCB0300A2F0A9 /* Build configuration list for PBXNativeTarget "IOSShapeTests" */;
			buildPhases = (
				E8F40A47192CCB0300A2F0A9 /* Sources */,
				E8F40A48192CCB0300A2F0A9 /* Frameworks */,
				E8F40A49192CCB0300A2F0A9 /* Resources */,
			);
			buildRules = (
			);
			dependencies = (
				E8F40A51192CCB0300A2F0A9 /* PBXTargetDependency */,
			);
			name = IOSShapeTests;
			productName = IOSShapeTests;
			productReference = E8F40A4B192CCB0300A2F0A9 /* IOSShapeTests.xctest */;
			productType = "com.apple.product-type.bundle.unit-test";
		};
/* End PBXNativeTarget section */

/* Begin PBXProject section */
		E8F40A28192CCB0300A2F0A9 /* Project object */ = {
			isa = PBXProject;
			attributes = {
				CLASSPREFIX = PHO_;
				LastUpgradeCheck = 0510;
				ORGANIZATIONNAME = "___FULLUSERNAME___";
				TargetAttributes = {
					E8F40A4A192CCB0300A2F0A9 = {
						TestTargetID = E8F40A2F192CCB0300A2F0A9;
					};
				};
			};
			buildConfigurationList = E8F40A2B192CCB0300A2F0A9 /* Build configuration list for PBXProject "IOSShape" */;
			compatibilityVersion = "Xcode 3.2";
			developmentRegion = English;
			hasScannedForEncodings = 0;
			knownRegions = (
				en,
			);
			mainGroup = E8F40A27192CCB0300A2F0A9;
			productRefGroup = E8F40A31192CCB0300A2F0A9 /* Products */;
			projectDirPath = "";
			projectRoot = "";
			targets = (
				E8F40A2F192CCB0300A2F0A9 /* IOSShape */,
				E8F40A4A192CCB0300A2F0A9 /* IOSShapeTests */,
			);
		};
/* End PBXProject section */

/* Begin PBXResourcesBuildPhase section */
		E8F40A2E192CCB0300A2F0A9 /* Resources */ = {
			isa = PBXResourcesBuildPhase;
			buildActionMask = 2147483647;
			files = (
				E8F40A3E192CCB0300A2F0A9 /* InfoPlist.strings in Resources */,
				E806375619382C2000B2ED10 /* Max_grocery in Resources */,
				E8C851FC19344625008BDE26 /* 前景编辑(选中)@2x.png in Resources */,
				E806375519382C2000B2ED10 /* Max_flower in Resources */,
				E806CD3E19371ED900459E9D /* PHO_AboutUsViewController.xib in Resources */,
				E806CD1F19370ED700459E9D /* 更多@2x.png in Resources */,
				E8C8520119344625008BDE26 /* share-icon@2x.png in Resources */,
				E8C851FB19344625008BDE26 /* 前景编辑@2x.png in Resources */,
				E87C07501935FBA7006B821F /* shape in Resources */,
				E806CD3519371AFE00459E9D /* 关注我们@2x.png in Resources */,
				E87C07541935FD39006B821F /* graph in Resources */,
				E8C851FD19344625008BDE26 /* 形状@2x.png in Resources */,
				E8F66BFC1935B93B006EC81E /* wallbase@2x.png in Resources */,
				E806CD3619371AFE00459E9D /* 评分@2x.png in Resources */,
				E806CD2019370ED700459E9D /* 相册@2x.png in Resources */,
				E8F66C721935EA90006EC81E /* nature in Resources */,
				E8F66BF81935B92F006EC81E /* Camera@2x.png in Resources */,
				E8F40A46192CCB0300A2F0A9 /* Images.xcassets in Resources */,
				E806CD40193724CB00459E9D /* Arrow@2x.png in Resources */,
				E806375719382C2000B2ED10 /* Max_love in Resources */,
				E806CD3419371AFE00459E9D /* 更新@2x.png in Resources */,
				E8287498192F069B0047611C /* MBProgressHUD.bundle in Resources */,
				E806CD2119370ED700459E9D /* fb@2x.png in Resources */,
				E806CD3319371AFE00459E9D /* 分享@2x.png in Resources */,
				E806CD2319370ED700459E9D /* share-to-insta@2x.png in Resources */,
				E8F66C761935EEA2006EC81E /* grocery in Resources */,
				E8F66BFE1935C2B2006EC81E /* InfoButtonImage@2x.png in Resources */,
				E8F66BF91935B92F006EC81E /* gallery@2x.png in Resources */,
				E87C074C1935FB9A006B821F /* love in Resources */,
				E8C851FE19344625008BDE26 /* 形状(选中)@2x.png in Resources */,
				E82874B0192F3DA80047611C /* color-1.png in Resources */,
				E806375819382C2000B2ED10 /* Max_nature in Resources */,
				E8C8520019344625008BDE26 /* back@2x.png in Resources */,
				E8C851F919344625008BDE26 /* 滤镜@2x.png in Resources */,
				E806375B19385E6000B2ED10 /* XXX@2x.png in Resources */,
				E8063761193887D500B2ED10 /* Max_shape in Resources */,
				E8F66C6E1935E8D3006EC81E /* flower in Resources */,
				E806CD3219371AFE00459E9D /* 反馈@2x.png in Resources */,
				E8C851FA19344625008BDE26 /* 滤镜(选中)@2x.png in Resources */,
				E8C851FF19344625008BDE26 /* 形状背景带上下细线@2x.png in Resources */,
				E806CD3B19371CB100459E9D /* PHO_AboutUsTableViewCell.xib in Resources */,
				E8F66BFA1935B92F006EC81E /* Nocrop@2x.png in Resources */,
				E806CD2219370ED700459E9D /* home@2x.png in Resources */,
			);
			runOnlyForDeploymentPostprocessing = 0;
		};
		E8F40A49192CCB0300A2F0A9 /* Resources */ = {
			isa = PBXResourcesBuildPhase;
			buildActionMask = 2147483647;
			files = (
				E8F40A57192CCB0300A2F0A9 /* InfoPlist.strings in Resources */,
			);
			runOnlyForDeploymentPostprocessing = 0;
		};
/* End PBXResourcesBuildPhase section */

/* Begin PBXSourcesBuildPhase section */
		E8F40A2C192CCB0300A2F0A9 /* Sources */ = {
			isa = PBXSourcesBuildPhase;
			buildActionMask = 2147483647;
			files = (
				E8E42AA01940156100AC4825 /* Reachability.m in Sources */,
				E8F40A72192CCBB800A2F0A9 /* PHO_MainShowView.m in Sources */,
				E8F40A44192CCB0300A2F0A9 /* PHO_AppDelegate.m in Sources */,
				E8F40A6B192CCB5E00A2F0A9 /* PHO_HomeViewController.m in Sources */,
				E8E42A91194012A200AC4825 /* AFHTTPSessionManager.m in Sources */,
				E8F40A6A192CCB5E00A2F0A9 /* PHO_MainViewController.m in Sources */,
				E8E42A92194012A200AC4825 /* AFNetworkReachabilityManager.m in Sources */,
				E8E42A8F194012A200AC4825 /* AFHTTPRequestOperation.m in Sources */,
				E8E42A95194012A200AC4825 /* AFURLRequestSerialization.m in Sources */,
				E8E42A94194012A200AC4825 /* AFURLConnectionOperation.m in Sources */,
				E8E42A9C1940140100AC4825 /* UIDevice+DeviceInfo.m in Sources */,
				E8E42A97194012A200AC4825 /* AFURLSessionManager.m in Sources */,
				E8C852051934481D008BDE26 /* CMethods.m in Sources */,
				E8287499192F069B0047611C /* MBProgressHUD.m in Sources */,
				E8103F2C192E0CE0005AFA16 /* FilterImage.m in Sources */,
				E8F40A40192CCB0300A2F0A9 /* main.m in Sources */,
				E806CD2B19371ACF00459E9D /* PHO_AboutUsViewController.m in Sources */,
				E806CD3C19371CB100459E9D /* PHO_AboutUsTableViewCell.m in Sources */,
				E8F40A6E192CCB7900A2F0A9 /* UIImage+processing.m in Sources */,
				E8287497192F069B0047611C /* MBProgressHUD+Add.m in Sources */,
				E8103F2D192E0CE0005AFA16 /* ImageUtil.m in Sources */,
				E8E42A93194012A200AC4825 /* AFSecurityPolicy.m in Sources */,
				E8CFC174193F34E6006DD57A /* PHO_DataRequest.m in Sources */,
				E8E42A90194012A200AC4825 /* AFHTTPRequestOperationManager.m in Sources */,
				E8103F30192E1A1A005AFA16 /* PHO_ShareViewController.m in Sources */,
				E8E42A96194012A200AC4825 /* AFURLResponseSerialization.m in Sources */,
			);
			runOnlyForDeploymentPostprocessing = 0;
		};
		E8F40A47192CCB0300A2F0A9 /* Sources */ = {
			isa = PBXSourcesBuildPhase;
			buildActionMask = 2147483647;
			files = (
				E8F40A59192CCB0300A2F0A9 /* IOSShapeTests.m in Sources */,
			);
			runOnlyForDeploymentPostprocessing = 0;
		};
/* End PBXSourcesBuildPhase section */

/* Begin PBXTargetDependency section */
		E8F40A51192CCB0300A2F0A9 /* PBXTargetDependency */ = {
			isa = PBXTargetDependency;
			target = E8F40A2F192CCB0300A2F0A9 /* IOSShape */;
			targetProxy = E8F40A50192CCB0300A2F0A9 /* PBXContainerItemProxy */;
		};
/* End PBXTargetDependency section */

/* Begin PBXVariantGroup section */
		E8F40A3C192CCB0300A2F0A9 /* InfoPlist.strings */ = {
			isa = PBXVariantGroup;
			children = (
				E8F40A3D192CCB0300A2F0A9 /* en */,
			);
			name = InfoPlist.strings;
			sourceTree = "<group>";
		};
		E8F40A55192CCB0300A2F0A9 /* InfoPlist.strings */ = {
			isa = PBXVariantGroup;
			children = (
				E8F40A56192CCB0300A2F0A9 /* en */,
			);
			name = InfoPlist.strings;
			sourceTree = "<group>";
		};
/* End PBXVariantGroup section */

/* Begin XCBuildConfiguration section */
		E8F40A5A192CCB0300A2F0A9 /* Debug */ = {
			isa = XCBuildConfiguration;
			buildSettings = {
				ALWAYS_SEARCH_USER_PATHS = NO;
				CLANG_CXX_LANGUAGE_STANDARD = "gnu++0x";
				CLANG_CXX_LIBRARY = "libc++";
				CLANG_ENABLE_MODULES = YES;
				CLANG_ENABLE_OBJC_ARC = YES;
				CLANG_WARN_BOOL_CONVERSION = YES;
				CLANG_WARN_CONSTANT_CONVERSION = YES;
				CLANG_WARN_DIRECT_OBJC_ISA_USAGE = YES_ERROR;
				CLANG_WARN_EMPTY_BODY = YES;
				CLANG_WARN_ENUM_CONVERSION = YES;
				CLANG_WARN_INT_CONVERSION = YES;
				CLANG_WARN_OBJC_ROOT_CLASS = YES_ERROR;
				CLANG_WARN__DUPLICATE_METHOD_MATCH = YES;
				"CODE_SIGN_IDENTITY[sdk=iphoneos*]" = "iPhone Developer";
				COPY_PHASE_STRIP = NO;
				GCC_C_LANGUAGE_STANDARD = gnu99;
				GCC_DYNAMIC_NO_PIC = NO;
				GCC_OPTIMIZATION_LEVEL = 0;
				GCC_PREPROCESSOR_DEFINITIONS = (
					"DEBUG=1",
					"$(inherited)",
				);
				GCC_SYMBOLS_PRIVATE_EXTERN = NO;
				GCC_WARN_64_TO_32_BIT_CONVERSION = YES;
				GCC_WARN_ABOUT_RETURN_TYPE = YES_ERROR;
				GCC_WARN_UNDECLARED_SELECTOR = YES;
				GCC_WARN_UNINITIALIZED_AUTOS = YES_AGGRESSIVE;
				GCC_WARN_UNUSED_FUNCTION = YES;
				GCC_WARN_UNUSED_VARIABLE = YES;
				IPHONEOS_DEPLOYMENT_TARGET = 7.1;
				ONLY_ACTIVE_ARCH = YES;
				SDKROOT = iphoneos;
				TARGETED_DEVICE_FAMILY = "1,2";
			};
			name = Debug;
		};
		E8F40A5B192CCB0300A2F0A9 /* Release */ = {
			isa = XCBuildConfiguration;
			buildSettings = {
				ALWAYS_SEARCH_USER_PATHS = NO;
				CLANG_CXX_LANGUAGE_STANDARD = "gnu++0x";
				CLANG_CXX_LIBRARY = "libc++";
				CLANG_ENABLE_MODULES = YES;
				CLANG_ENABLE_OBJC_ARC = YES;
				CLANG_WARN_BOOL_CONVERSION = YES;
				CLANG_WARN_CONSTANT_CONVERSION = YES;
				CLANG_WARN_DIRECT_OBJC_ISA_USAGE = YES_ERROR;
				CLANG_WARN_EMPTY_BODY = YES;
				CLANG_WARN_ENUM_CONVERSION = YES;
				CLANG_WARN_INT_CONVERSION = YES;
				CLANG_WARN_OBJC_ROOT_CLASS = YES_ERROR;
				CLANG_WARN__DUPLICATE_METHOD_MATCH = YES;
				"CODE_SIGN_IDENTITY[sdk=iphoneos*]" = "iPhone Developer";
				COPY_PHASE_STRIP = YES;
				ENABLE_NS_ASSERTIONS = NO;
				GCC_C_LANGUAGE_STANDARD = gnu99;
				GCC_WARN_64_TO_32_BIT_CONVERSION = YES;
				GCC_WARN_ABOUT_RETURN_TYPE = YES_ERROR;
				GCC_WARN_UNDECLARED_SELECTOR = YES;
				GCC_WARN_UNINITIALIZED_AUTOS = YES_AGGRESSIVE;
				GCC_WARN_UNUSED_FUNCTION = YES;
				GCC_WARN_UNUSED_VARIABLE = YES;
				IPHONEOS_DEPLOYMENT_TARGET = 7.1;
				SDKROOT = iphoneos;
				TARGETED_DEVICE_FAMILY = "1,2";
				VALIDATE_PRODUCT = YES;
			};
			name = Release;
		};
		E8F40A5D192CCB0300A2F0A9 /* Debug */ = {
			isa = XCBuildConfiguration;
			buildSettings = {
				ASSETCATALOG_COMPILER_APPICON_NAME = AppIcon;
				ASSETCATALOG_COMPILER_LAUNCHIMAGE_NAME = LaunchImage;
				GCC_PRECOMPILE_PREFIX_HEADER = YES;
				GCC_PREFIX_HEADER = "IOSShape/IOSShape-Prefix.pch";
				INFOPLIST_FILE = "IOSShape/IOSShape-Info.plist";
				IPHONEOS_DEPLOYMENT_TARGET = 7.1;
				LIBRARY_SEARCH_PATHS = (
					"$(inherited)",
					"$(PROJECT_DIR)/IOSShape/AdMobSDK",
					"$(PROJECT_DIR)/IOSShape/uMengSDK",
					"$(PROJECT_DIR)/IOSShape/GoogleAnalytics",
					"$(PROJECT_DIR)/IOSShape",
				);
				OTHER_LDFLAGS = "-ObjC";
				PRODUCT_NAME = "$(TARGET_NAME)";
				VALID_ARCHS = "arm64 armv7 armv7s";
				"VALID_ARCHS[sdk=*]" = "arm64 armv7 armv7s";
				WRAPPER_EXTENSION = app;
			};
			name = Debug;
		};
		E8F40A5E192CCB0300A2F0A9 /* Release */ = {
			isa = XCBuildConfiguration;
			buildSettings = {
				ASSETCATALOG_COMPILER_APPICON_NAME = AppIcon;
				ASSETCATALOG_COMPILER_LAUNCHIMAGE_NAME = LaunchImage;
				GCC_PRECOMPILE_PREFIX_HEADER = YES;
				GCC_PREFIX_HEADER = "IOSShape/IOSShape-Prefix.pch";
				INFOPLIST_FILE = "IOSShape/IOSShape-Info.plist";
				IPHONEOS_DEPLOYMENT_TARGET = 7.1;
				LIBRARY_SEARCH_PATHS = (
					"$(inherited)",
					"$(PROJECT_DIR)/IOSShape/AdMobSDK",
					"$(PROJECT_DIR)/IOSShape/uMengSDK",
					"$(PROJECT_DIR)/IOSShape/GoogleAnalytics",
					"$(PROJECT_DIR)/IOSShape",
				);
				OTHER_LDFLAGS = "-ObjC";
				PRODUCT_NAME = "$(TARGET_NAME)";
				VALID_ARCHS = "arm64 armv7 armv7s";
				WRAPPER_EXTENSION = app;
			};
			name = Release;
		};
		E8F40A60192CCB0300A2F0A9 /* Debug */ = {
			isa = XCBuildConfiguration;
			buildSettings = {
				BUNDLE_LOADER = "$(BUILT_PRODUCTS_DIR)/IOSShape.app/IOSShape";
				FRAMEWORK_SEARCH_PATHS = (
					"$(SDKROOT)/Developer/Library/Frameworks",
					"$(inherited)",
					"$(DEVELOPER_FRAMEWORKS_DIR)",
				);
				GCC_PRECOMPILE_PREFIX_HEADER = YES;
				GCC_PREFIX_HEADER = "IOSShape/IOSShape-Prefix.pch";
				GCC_PREPROCESSOR_DEFINITIONS = (
					"DEBUG=1",
					"$(inherited)",
				);
				INFOPLIST_FILE = "IOSShapeTests/IOSShapeTests-Info.plist";
				PRODUCT_NAME = "$(TARGET_NAME)";
				TEST_HOST = "$(BUNDLE_LOADER)";
				WRAPPER_EXTENSION = xctest;
			};
			name = Debug;
		};
		E8F40A61192CCB0300A2F0A9 /* Release */ = {
			isa = XCBuildConfiguration;
			buildSettings = {
				BUNDLE_LOADER = "$(BUILT_PRODUCTS_DIR)/IOSShape.app/IOSShape";
				FRAMEWORK_SEARCH_PATHS = (
					"$(SDKROOT)/Developer/Library/Frameworks",
					"$(inherited)",
					"$(DEVELOPER_FRAMEWORKS_DIR)",
				);
				GCC_PRECOMPILE_PREFIX_HEADER = YES;
				GCC_PREFIX_HEADER = "IOSShape/IOSShape-Prefix.pch";
				INFOPLIST_FILE = "IOSShapeTests/IOSShapeTests-Info.plist";
				PRODUCT_NAME = "$(TARGET_NAME)";
				TEST_HOST = "$(BUNDLE_LOADER)";
				WRAPPER_EXTENSION = xctest;
			};
			name = Release;
		};
/* End XCBuildConfiguration section */

/* Begin XCConfigurationList section */
		E8F40A2B192CCB0300A2F0A9 /* Build configuration list for PBXProject "IOSShape" */ = {
			isa = XCConfigurationList;
			buildConfigurations = (
				E8F40A5A192CCB0300A2F0A9 /* Debug */,
				E8F40A5B192CCB0300A2F0A9 /* Release */,
			);
			defaultConfigurationIsVisible = 0;
			defaultConfigurationName = Release;
		};
		E8F40A5C192CCB0300A2F0A9 /* Build configuration list for PBXNativeTarget "IOSShape" */ = {
			isa = XCConfigurationList;
			buildConfigurations = (
				E8F40A5D192CCB0300A2F0A9 /* Debug */,
				E8F40A5E192CCB0300A2F0A9 /* Release */,
			);
			defaultConfigurationIsVisible = 0;
			defaultConfigurationName = Release;
		};
		E8F40A5F192CCB0300A2F0A9 /* Build configuration list for PBXNativeTarget "IOSShapeTests" */ = {
			isa = XCConfigurationList;
			buildConfigurations = (
				E8F40A60192CCB0300A2F0A9 /* Debug */,
				E8F40A61192CCB0300A2F0A9 /* Release */,
			);
			defaultConfigurationIsVisible = 0;
			defaultConfigurationName = Release;
		};
/* End XCConfigurationList section */
	};
	rootObject = E8F40A28192CCB0300A2F0A9 /* Project object */;
}
